{
  "name": "shared-rich-text-editor",
  "version": "1.0.0",
  "lockfileVersion": 1,
  "requires": true,
  "dependencies": {
    "ckeditor4": {
      "version": "4.16.2",
      "resolved": "https://registry.npmjs.org/ckeditor4/-/ckeditor4-4.16.2.tgz",
      "integrity": "sha512-5x2FmI+yGpQIKISh24Wp4HwjQxN6C4Lw59yh68HbFwcnMu8DvSiZLJfeINGvRG1oQ1L9GzJ5Pqd0PL0KDH08Jw=="
    },
    "jquery": {
      "version": "3.6.0",
      "resolved": "https://registry.npmjs.org/jquery/-/jquery-3.6.0.tgz",
      "integrity": "sha512-JVzAR/AjBvVt2BmYhxRCSYysDsPcssdmTFnzyLEts9qNwmjmu4JTAMYubEfwVOSwpQ1I1sKKFcxhZCI2buerfw=="
    }
  }
}
